
Microsoft Visual Studio Solution File, Format Version 12.00
# Visual Studio Version 17
VisualStudioVersion = 17.11.35222.181
MinimumVisualStudioVersion = 10.0.40219.1
Project("{9A19103F-16F7-4668-BE54-9A1E7A4F7556}") = "Command", "Command\Command.csproj", "{B60FDF3F-8436-4D30-85FC-2898DC37CE77}"
EndProject
Project("{9A19103F-16F7-4668-BE54-9A1E7A4F7556}") = "Client", "Client\Client.csproj", "{5E641A9A-B240-4EA0-9BBA-31EE0778C68E}"
EndProject
Project("{FAE04EC0-301F-11D3-BF4B-00C04F79EFBC}") = "CommandTest", "CommandTest\CommandTest.csproj", "{9C76272A-CC71-43B7-A889-0C5445A828FB}"
EndProject
Global
	GlobalSection(SolutionConfigurationPlatforms) = preSolution
		Debug|Any CPU = Debug|Any CPU
		Release|Any CPU = Release|Any CPU
	EndGlobalSection
	GlobalSection(ProjectConfigurationPlatforms) = postSolution
		{B60FDF3F-8436-4D30-85FC-2898DC37CE77}.Debug|Any CPU.ActiveCfg = Debug|Any CPU
		{B60FDF3F-8436-4D30-85FC-2898DC37CE77}.Debug|Any CPU.Build.0 = Debug|Any CPU
		{B60FDF3F-8436-4D30-85FC-2898DC37CE77}.Release|Any CPU.ActiveCfg = Release|Any CPU
		{B60FDF3F-8436-4D30-85FC-2898DC37CE77}.Release|Any CPU.Build.0 = Release|Any CPU
		{5E641A9A-B240-4EA0-9BBA-31EE0778C68E}.Debug|Any CPU.ActiveCfg = Debug|Any CPU
		{5E641A9A-B240-4EA0-9BBA-31EE0778C68E}.Debug|Any CPU.Build.0 = Debug|Any CPU
		{5E641A9A-B240-4EA0-9BBA-31EE0778C68E}.Release|Any CPU.ActiveCfg = Release|Any CPU
		{5E641A9A-B240-4EA0-9BBA-31EE0778C68E}.Release|Any CPU.Build.0 = Release|Any CPU
		{9C76272A-CC71-43B7-A889-0C5445A828FB}.Debug|Any CPU.ActiveCfg = Debug|Any CPU
		{9C76272A-CC71-43B7-A889-0C5445A828FB}.Debug|Any CPU.Build.0 = Debug|Any CPU
		{9C76272A-CC71-43B7-A889-0C5445A828FB}.Release|Any CPU.ActiveCfg = Release|Any CPU
		{9C76272A-CC71-43B7-A889-0C5445A828FB}.Release|Any CPU.Build.0 = Release|Any CPU
	EndGlobalSection
	GlobalSection(SolutionProperties) = preSolution
		HideSolutionNode = FALSE
	EndGlobalSection
	GlobalSection(ExtensibilityGlobals) = postSolution
		SolutionGuid = {69961070-39E5-45C2-A3FF-7B71EFD14463}
	EndGlobalSection
EndGlobal
